
Microsoft Visual Studio Solution File, Format Version 12.00
# Visual Studio Version 17
VisualStudioVersion = 17.1.32328.378
MinimumVisualStudioVersion = 10.0.40219.1
Project("{9A19103F-16F7-4668-BE54-9A1E7A4F7556}") = "ConsoleApp", "ConsoleApp\ConsoleApp.csproj", "{18E885A6-7D8D-4640-A75B-2B1E2181E74C}"
EndProject
Project("{9A19103F-16F7-4668-BE54-9A1E7A4F7556}") = "Models", "Models\Models.csproj", "{D20F717B-67FE-4E79-A608-8DEAAB74B330}"
EndProject
Project("{FAE04EC0-301F-11D3-BF4B-00C04F79EFBC}") = "Handlers", "Handlers\Handlers.csproj", "{48657756-F5D8-43AE-A4BE-1C93D8DC3BB0}"
EndProject
Global
	GlobalSection(SolutionConfigurationPlatforms) = preSolution
		Debug|Any CPU = Debug|Any CPU
		Release|Any CPU = Release|Any CPU
	EndGlobalSection
	GlobalSection(ProjectConfigurationPlatforms) = postSolution
		{18E885A6-7D8D-4640-A75B-2B1E2181E74C}.Debug|Any CPU.ActiveCfg = Debug|Any CPU
		{18E885A6-7D8D-4640-A75B-2B1E2181E74C}.Debug|Any CPU.Build.0 = Debug|Any CPU
		{18E885A6-7D8D-4640-A75B-2B1E2181E74C}.Release|Any CPU.ActiveCfg = Release|Any CPU
		{18E885A6-7D8D-4640-A75B-2B1E2181E74C}.Release|Any CPU.Build.0 = Release|Any CPU
		{D20F717B-67FE-4E79-A608-8DEAAB74B330}.Debug|Any CPU.ActiveCfg = Debug|Any CPU
		{D20F717B-67FE-4E79-A608-8DEAAB74B330}.Debug|Any CPU.Build.0 = Debug|Any CPU
		{D20F717B-67FE-4E79-A608-8DEAAB74B330}.Release|Any CPU.ActiveCfg = Release|Any CPU
		{D20F717B-67FE-4E79-A608-8DEAAB74B330}.Release|Any CPU.Build.0 = Release|Any CPU
		{48657756-F5D8-43AE-A4BE-1C93D8DC3BB0}.Debug|Any CPU.ActiveCfg = Debug|Any CPU
		{48657756-F5D8-43AE-A4BE-1C93D8DC3BB0}.Debug|Any CPU.Build.0 = Debug|Any CPU
		{48657756-F5D8-43AE-A4BE-1C93D8DC3BB0}.Release|Any CPU.ActiveCfg = Release|Any CPU
		{48657756-F5D8-43AE-A4BE-1C93D8DC3BB0}.Release|Any CPU.Build.0 = Release|Any CPU
	EndGlobalSection
	GlobalSection(SolutionProperties) = preSolution
		HideSolutionNode = FALSE
	EndGlobalSection
	GlobalSection(ExtensibilityGlobals) = postSolution
		SolutionGuid = {6E661232-3C5C-4D64-8534-C297A7D8EB34}
	EndGlobalSection
EndGlobal
